
Microsoft Visual Studio Solution File, Format Version 12.00
# Visual Studio Version 17
VisualStudioVersion = 17.7.34031.279
MinimumVisualStudioVersion = 10.0.40219.1
Project("{8BC9CEB8-8B4A-11D0-8D11-00A0C91BC942}") = "cpu6502", "cpu6502\cpu6502.vcxproj", "{F4FE2C96-5A8F-45E0-913B-7E842A778D45}"
EndProject
Project("{8BC9CEB8-8B4A-11D0-8D11-00A0C91BC942}") = "cpu6502_test", "cpu6502_test\cpu6502_test.vcxproj", "{241E89AE-DE2F-41FD-A716-73CED5004872}"
EndProject
Project("{2150E333-8FDC-42A3-9474-1A3956D46DE8}") = "Solution Items", "Solution Items", "{31EFC299-F06D-4C00-87F2-1E47B89E3E23}"
	ProjectSection(SolutionItems) = preProject
		.gitignore = .gitignore
		LICENSE.txt = LICENSE.txt
		README.md = README.md
		vcpkg.json = vcpkg.json
	EndProjectSection
EndProject
Global
	GlobalSection(SolutionConfigurationPlatforms) = preSolution
		Debug|x64 = Debug|x64
		Debug|x86 = Debug|x86
		Release|x64 = Release|x64
		Release|x86 = Release|x86
	EndGlobalSection
	GlobalSection(ProjectConfigurationPlatforms) = postSolution
		{F4FE2C96-5A8F-45E0-913B-7E842A778D45}.Debug|x64.ActiveCfg = Debug|x64
		{F4FE2C96-5A8F-45E0-913B-7E842A778D45}.Debug|x64.Build.0 = Debug|x64
		{F4FE2C96-5A8F-45E0-913B-7E842A778D45}.Debug|x86.ActiveCfg = Debug|Win32
		{F4FE2C96-5A8F-45E0-913B-7E842A778D45}.Debug|x86.Build.0 = Debug|Win32
		{F4FE2C96-5A8F-45E0-913B-7E842A778D45}.Release|x64.ActiveCfg = Release|x64
		{F4FE2C96-5A8F-45E0-913B-7E842A778D45}.Release|x64.Build.0 = Release|x64
		{F4FE2C96-5A8F-45E0-913B-7E842A778D45}.Release|x86.ActiveCfg = Release|Win32
		{F4FE2C96-5A8F-45E0-913B-7E842A778D45}.Release|x86.Build.0 = Release|Win32
		{241E89AE-DE2F-41FD-A716-73CED5004872}.Debug|x64.ActiveCfg = Debug|x64
		{241E89AE-DE2F-41FD-A716-73CED5004872}.Debug|x64.Build.0 = Debug|x64
		{241E89AE-DE2F-41FD-A716-73CED5004872}.Debug|x86.ActiveCfg = Debug|Win32
		{241E89AE-DE2F-41FD-A716-73CED5004872}.Debug|x86.Build.0 = Debug|Win32
		{241E89AE-DE2F-41FD-A716-73CED5004872}.Release|x64.ActiveCfg = Release|x64
		{241E89AE-DE2F-41FD-A716-73CED5004872}.Release|x64.Build.0 = Release|x64
		{241E89AE-DE2F-41FD-A716-73CED5004872}.Release|x86.ActiveCfg = Release|Win32
		{241E89AE-DE2F-41FD-A716-73CED5004872}.Release|x86.Build.0 = Release|Win32
	EndGlobalSection
	GlobalSection(SolutionProperties) = preSolution
		HideSolutionNode = FALSE
	EndGlobalSection
	GlobalSection(ExtensibilityGlobals) = postSolution
		SolutionGuid = {4AB936AE-CBD3-4C8B-9879-C4295D68CB73}
	EndGlobalSection
EndGlobal
